
Microsoft Visual Studio Solution File, Format Version 12.00
# Visual Studio Version 17
VisualStudioVersion = 17.0.32112.339
MinimumVisualStudioVersion = 15.0.26124.0
Project("{9A19103F-16F7-4668-BE54-9A1E7A4F7556}") = "TransporteBusesApp.Consola", "TransporteBusesApp.Consola\TransporteBusesApp.Consola.csproj", "{C7652B68-7EDC-41BC-A3F0-25872B1C0862}"
EndProject
Project("{9A19103F-16F7-4668-BE54-9A1E7A4F7556}") = "TransporteBusesApp.Dominio", "TransporteBusesApp.Dominio\TransporteBusesApp.Dominio.csproj", "{3F73F889-4A4A-4E66-9ADF-E87BE6B1270C}"
EndProject
Project("{9A19103F-16F7-4668-BE54-9A1E7A4F7556}") = "TransporteBusesApp.Persistencia", "TransporteBusesApp.Persistencia\TransporteBusesApp.Persistencia.csproj", "{7967198B-2C3D-49B4-85DD-2CA2C851EAD2}"
EndProject
Project("{9A19103F-16F7-4668-BE54-9A1E7A4F7556}") = "TransporteBusesApp.Frontend", "TransporteBusesApp.Frontend\TransporteBusesApp.Frontend.csproj", "{0F0205E1-B419-4DA3-A752-5B3D66817D97}"
EndProject
Project("{9A19103F-16F7-4668-BE54-9A1E7A4F7556}") = "TransporteBusesApp.Servicios", "TransporteBusesApp.Servicios\TransporteBusesApp.Servicios.csproj", "{7715AEFA-84D0-4A20-B099-F82DE88A90A4}"
EndProject
Global
	GlobalSection(SolutionConfigurationPlatforms) = preSolution
		Debug|Any CPU = Debug|Any CPU
		Debug|x64 = Debug|x64
		Debug|x86 = Debug|x86
		Release|Any CPU = Release|Any CPU
		Release|x64 = Release|x64
		Release|x86 = Release|x86
	EndGlobalSection
	GlobalSection(ProjectConfigurationPlatforms) = postSolution
		{C7652B68-7EDC-41BC-A3F0-25872B1C0862}.Debug|Any CPU.ActiveCfg = Debug|Any CPU
		{C7652B68-7EDC-41BC-A3F0-25872B1C0862}.Debug|Any CPU.Build.0 = Debug|Any CPU
		{C7652B68-7EDC-41BC-A3F0-25872B1C0862}.Debug|x64.ActiveCfg = Debug|Any CPU
		{C7652B68-7EDC-41BC-A3F0-25872B1C0862}.Debug|x64.Build.0 = Debug|Any CPU
		{C7652B68-7EDC-41BC-A3F0-25872B1C0862}.Debug|x86.ActiveCfg = Debug|Any CPU
		{C7652B68-7EDC-41BC-A3F0-25872B1C0862}.Debug|x86.Build.0 = Debug|Any CPU
		{C7652B68-7EDC-41BC-A3F0-25872B1C0862}.Release|Any CPU.ActiveCfg = Release|Any CPU
		{C7652B68-7EDC-41BC-A3F0-25872B1C0862}.Release|Any CPU.Build.0 = Release|Any CPU
		{C7652B68-7EDC-41BC-A3F0-25872B1C0862}.Release|x64.ActiveCfg = Release|Any CPU
		{C7652B68-7EDC-41BC-A3F0-25872B1C0862}.Release|x64.Build.0 = Release|Any CPU
		{C7652B68-7EDC-41BC-A3F0-25872B1C0862}.Release|x86.ActiveCfg = Release|Any CPU
		{C7652B68-7EDC-41BC-A3F0-25872B1C0862}.Release|x86.Build.0 = Release|Any CPU
		{3F73F889-4A4A-4E66-9ADF-E87BE6B1270C}.Debug|Any CPU.ActiveCfg = Debug|Any CPU
		{3F73F889-4A4A-4E66-9ADF-E87BE6B1270C}.Debug|Any CPU.Build.0 = Debug|Any CPU
		{3F73F889-4A4A-4E66-9ADF-E87BE6B1270C}.Debug|x64.ActiveCfg = Debug|Any CPU
		{3F73F889-4A4A-4E66-9ADF-E87BE6B1270C}.Debug|x64.Build.0 = Debug|Any CPU
		{3F73F889-4A4A-4E66-9ADF-E87BE6B1270C}.Debug|x86.ActiveCfg = Debug|Any CPU
		{3F73F889-4A4A-4E66-9ADF-E87BE6B1270C}.Debug|x86.Build.0 = Debug|Any CPU
		{3F73F889-4A4A-4E66-9ADF-E87BE6B1270C}.Release|Any CPU.ActiveCfg = Release|Any CPU
		{3F73F889-4A4A-4E66-9ADF-E87BE6B1270C}.Release|Any CPU.Build.0 = Release|Any CPU
		{3F73F889-4A4A-4E66-9ADF-E87BE6B1270C}.Release|x64.ActiveCfg = Release|Any CPU
		{3F73F889-4A4A-4E66-9ADF-E87BE6B1270C}.Release|x64.Build.0 = Release|Any CPU
		{3F73F889-4A4A-4E66-9ADF-E87BE6B1270C}.Release|x86.ActiveCfg = Release|Any CPU
		{3F73F889-4A4A-4E66-9ADF-E87BE6B1270C}.Release|x86.Build.0 = Release|Any CPU
		{7967198B-2C3D-49B4-85DD-2CA2C851EAD2}.Debug|Any CPU.ActiveCfg = Debug|Any CPU
		{7967198B-2C3D-49B4-85DD-2CA2C851EAD2}.Debug|Any CPU.Build.0 = Debug|Any CPU
		{7967198B-2C3D-49B4-85DD-2CA2C851EAD2}.Debug|x64.ActiveCfg = Debug|Any CPU
		{7967198B-2C3D-49B4-85DD-2CA2C851EAD2}.Debug|x64.Build.0 = Debug|Any CPU
		{7967198B-2C3D-49B4-85DD-2CA2C851EAD2}.Debug|x86.ActiveCfg = Debug|Any CPU
		{7967198B-2C3D-49B4-85DD-2CA2C851EAD2}.Debug|x86.Build.0 = Debug|Any CPU
		{7967198B-2C3D-49B4-85DD-2CA2C851EAD2}.Release|Any CPU.ActiveCfg = Release|Any CPU
		{7967198B-2C3D-49B4-85DD-2CA2C851EAD2}.Release|Any CPU.Build.0 = Release|Any CPU
		{7967198B-2C3D-49B4-85DD-2CA2C851EAD2}.Release|x64.ActiveCfg = Release|Any CPU
		{7967198B-2C3D-49B4-85DD-2CA2C851EAD2}.Release|x64.Build.0 = Release|Any CPU
		{7967198B-2C3D-49B4-85DD-2CA2C851EAD2}.Release|x86.ActiveCfg = Release|Any CPU
		{7967198B-2C3D-49B4-85DD-2CA2C851EAD2}.Release|x86.Build.0 = Release|Any CPU
		{0F0205E1-B419-4DA3-A752-5B3D66817D97}.Debug|Any CPU.ActiveCfg = Debug|Any CPU
		{0F0205E1-B419-4DA3-A752-5B3D66817D97}.Debug|Any CPU.Build.0 = Debug|Any CPU
		{0F0205E1-B419-4DA3-A752-5B3D66817D97}.Debug|x64.ActiveCfg = Debug|Any CPU
		{0F0205E1-B419-4DA3-A752-5B3D66817D97}.Debug|x64.Build.0 = Debug|Any CPU
		{0F0205E1-B419-4DA3-A752-5B3D66817D97}.Debug|x86.ActiveCfg = Debug|Any CPU
		{0F0205E1-B419-4DA3-A752-5B3D66817D97}.Debug|x86.Build.0 = Debug|Any CPU
		{0F0205E1-B419-4DA3-A752-5B3D66817D97}.Release|Any CPU.ActiveCfg = Release|Any CPU
		{0F0205E1-B419-4DA3-A752-5B3D66817D97}.Release|Any CPU.Build.0 = Release|Any CPU
		{0F0205E1-B419-4DA3-A752-5B3D66817D97}.Release|x64.ActiveCfg = Release|Any CPU
		{0F0205E1-B419-4DA3-A752-5B3D66817D97}.Release|x64.Build.0 = Release|Any CPU
		{0F0205E1-B419-4DA3-A752-5B3D66817D97}.Release|x86.ActiveCfg = Release|Any CPU
		{0F0205E1-B419-4DA3-A752-5B3D66817D97}.Release|x86.Build.0 = Release|Any CPU
		{7715AEFA-84D0-4A20-B099-F82DE88A90A4}.Debug|Any CPU.ActiveCfg = Debug|Any CPU
		{7715AEFA-84D0-4A20-B099-F82DE88A90A4}.Debug|Any CPU.Build.0 = Debug|Any CPU
		{7715AEFA-84D0-4A20-B099-F82DE88A90A4}.Debug|x64.ActiveCfg = Debug|Any CPU
		{7715AEFA-84D0-4A20-B099-F82DE88A90A4}.Debug|x64.Build.0 = Debug|Any CPU
		{7715AEFA-84D0-4A20-B099-F82DE88A90A4}.Debug|x86.ActiveCfg = Debug|Any CPU
		{7715AEFA-84D0-4A20-B099-F82DE88A90A4}.Debug|x86.Build.0 = Debug|Any CPU
		{7715AEFA-84D0-4A20-B099-F82DE88A90A4}.Release|Any CPU.ActiveCfg = Release|Any CPU
		{7715AEFA-84D0-4A20-B099-F82DE88A90A4}.Release|Any CPU.Build.0 = Release|Any CPU
		{7715AEFA-84D0-4A20-B099-F82DE88A90A4}.Release|x64.ActiveCfg = Release|Any CPU
		{7715AEFA-84D0-4A20-B099-F82DE88A90A4}.Release|x64.Build.0 = Release|Any CPU
		{7715AEFA-84D0-4A20-B099-F82DE88A90A4}.Release|x86.ActiveCfg = Release|Any CPU
		{7715AEFA-84D0-4A20-B099-F82DE88A90A4}.Release|x86.Build.0 = Release|Any CPU
	EndGlobalSection
	GlobalSection(SolutionProperties) = preSolution
		HideSolutionNode = FALSE
	EndGlobalSection
	GlobalSection(ExtensibilityGlobals) = postSolution
		SolutionGuid = {33CEB214-52F3-4D18-8033-AE7A5681AFA6}
	EndGlobalSection
EndGlobal
