
Microsoft Visual Studio Solution File, Format Version 12.00
# Visual Studio 15
VisualStudioVersion = 15.0.26124.0
MinimumVisualStudioVersion = 15.0.26124.0
Project("{FAE04EC0-301F-11D3-BF4B-00C04F79EFBC}") = "TransporteBusesApp.Consola", "TransporteBusesApp.Consola\TransporteBusesApp.Consola.csproj", "{0CCE177C-6925-42F0-896B-458CEBC03953}"
EndProject
Project("{FAE04EC0-301F-11D3-BF4B-00C04F79EFBC}") = "TransporteBusesApp.Dominio", "TransporteBusesApp.Dominio\TransporteBusesApp.Dominio.csproj", "{C61D921B-9D18-4905-B36A-FCD62E58F89A}"
EndProject
Project("{FAE04EC0-301F-11D3-BF4B-00C04F79EFBC}") = "TransporteBusesApp.Frontend", "TransporteBusesApp.Frontend\TransporteBusesApp.Frontend.csproj", "{DC76D8E2-F1DF-460A-A12C-45687A2A32CE}"
EndProject
Project("{FAE04EC0-301F-11D3-BF4B-00C04F79EFBC}") = "TransporteBusesApp.Persistencia", "TransporteBusesApp.Persistencia\TransporteBusesApp.Persistencia.csproj", "{D6BEF6A2-1AEF-4723-9CFA-6EC54F7B0089}"
EndProject
Project("{FAE04EC0-301F-11D3-BF4B-00C04F79EFBC}") = "TransporteBusesApp.Servicios", "TransporteBusesApp.Servicios\TransporteBusesApp.Servicios.csproj", "{0D697C91-806D-447B-89C2-D44FF88DF676}"
EndProject
Global
	GlobalSection(SolutionConfigurationPlatforms) = preSolution
		Debug|Any CPU = Debug|Any CPU
		Debug|x64 = Debug|x64
		Debug|x86 = Debug|x86
		Release|Any CPU = Release|Any CPU
		Release|x64 = Release|x64
		Release|x86 = Release|x86
	EndGlobalSection
	GlobalSection(SolutionProperties) = preSolution
		HideSolutionNode = FALSE
	EndGlobalSection
	GlobalSection(ProjectConfigurationPlatforms) = postSolution
		{0CCE177C-6925-42F0-896B-458CEBC03953}.Debug|Any CPU.ActiveCfg = Debug|Any CPU
		{0CCE177C-6925-42F0-896B-458CEBC03953}.Debug|Any CPU.Build.0 = Debug|Any CPU
		{0CCE177C-6925-42F0-896B-458CEBC03953}.Debug|x64.ActiveCfg = Debug|Any CPU
		{0CCE177C-6925-42F0-896B-458CEBC03953}.Debug|x64.Build.0 = Debug|Any CPU
		{0CCE177C-6925-42F0-896B-458CEBC03953}.Debug|x86.ActiveCfg = Debug|Any CPU
		{0CCE177C-6925-42F0-896B-458CEBC03953}.Debug|x86.Build.0 = Debug|Any CPU
		{0CCE177C-6925-42F0-896B-458CEBC03953}.Release|Any CPU.ActiveCfg = Release|Any CPU
		{0CCE177C-6925-42F0-896B-458CEBC03953}.Release|Any CPU.Build.0 = Release|Any CPU
		{0CCE177C-6925-42F0-896B-458CEBC03953}.Release|x64.ActiveCfg = Release|Any CPU
		{0CCE177C-6925-42F0-896B-458CEBC03953}.Release|x64.Build.0 = Release|Any CPU
		{0CCE177C-6925-42F0-896B-458CEBC03953}.Release|x86.ActiveCfg = Release|Any CPU
		{0CCE177C-6925-42F0-896B-458CEBC03953}.Release|x86.Build.0 = Release|Any CPU
		{C61D921B-9D18-4905-B36A-FCD62E58F89A}.Debug|Any CPU.ActiveCfg = Debug|Any CPU
		{C61D921B-9D18-4905-B36A-FCD62E58F89A}.Debug|Any CPU.Build.0 = Debug|Any CPU
		{C61D921B-9D18-4905-B36A-FCD62E58F89A}.Debug|x64.ActiveCfg = Debug|Any CPU
		{C61D921B-9D18-4905-B36A-FCD62E58F89A}.Debug|x64.Build.0 = Debug|Any CPU
		{C61D921B-9D18-4905-B36A-FCD62E58F89A}.Debug|x86.ActiveCfg = Debug|Any CPU
		{C61D921B-9D18-4905-B36A-FCD62E58F89A}.Debug|x86.Build.0 = Debug|Any CPU
		{C61D921B-9D18-4905-B36A-FCD62E58F89A}.Release|Any CPU.ActiveCfg = Release|Any CPU
		{C61D921B-9D18-4905-B36A-FCD62E58F89A}.Release|Any CPU.Build.0 = Release|Any CPU
		{C61D921B-9D18-4905-B36A-FCD62E58F89A}.Release|x64.ActiveCfg = Release|Any CPU
		{C61D921B-9D18-4905-B36A-FCD62E58F89A}.Release|x64.Build.0 = Release|Any CPU
		{C61D921B-9D18-4905-B36A-FCD62E58F89A}.Release|x86.ActiveCfg = Release|Any CPU
		{C61D921B-9D18-4905-B36A-FCD62E58F89A}.Release|x86.Build.0 = Release|Any CPU
		{DC76D8E2-F1DF-460A-A12C-45687A2A32CE}.Debug|Any CPU.ActiveCfg = Debug|Any CPU
		{DC76D8E2-F1DF-460A-A12C-45687A2A32CE}.Debug|Any CPU.Build.0 = Debug|Any CPU
		{DC76D8E2-F1DF-460A-A12C-45687A2A32CE}.Debug|x64.ActiveCfg = Debug|Any CPU
		{DC76D8E2-F1DF-460A-A12C-45687A2A32CE}.Debug|x64.Build.0 = Debug|Any CPU
		{DC76D8E2-F1DF-460A-A12C-45687A2A32CE}.Debug|x86.ActiveCfg = Debug|Any CPU
		{DC76D8E2-F1DF-460A-A12C-45687A2A32CE}.Debug|x86.Build.0 = Debug|Any CPU
		{DC76D8E2-F1DF-460A-A12C-45687A2A32CE}.Release|Any CPU.ActiveCfg = Release|Any CPU
		{DC76D8E2-F1DF-460A-A12C-45687A2A32CE}.Release|Any CPU.Build.0 = Release|Any CPU
		{DC76D8E2-F1DF-460A-A12C-45687A2A32CE}.Release|x64.ActiveCfg = Release|Any CPU
		{DC76D8E2-F1DF-460A-A12C-45687A2A32CE}.Release|x64.Build.0 = Release|Any CPU
		{DC76D8E2-F1DF-460A-A12C-45687A2A32CE}.Release|x86.ActiveCfg = Release|Any CPU
		{DC76D8E2-F1DF-460A-A12C-45687A2A32CE}.Release|x86.Build.0 = Release|Any CPU
		{D6BEF6A2-1AEF-4723-9CFA-6EC54F7B0089}.Debug|Any CPU.ActiveCfg = Debug|Any CPU
		{D6BEF6A2-1AEF-4723-9CFA-6EC54F7B0089}.Debug|Any CPU.Build.0 = Debug|Any CPU
		{D6BEF6A2-1AEF-4723-9CFA-6EC54F7B0089}.Debug|x64.ActiveCfg = Debug|Any CPU
		{D6BEF6A2-1AEF-4723-9CFA-6EC54F7B0089}.Debug|x64.Build.0 = Debug|Any CPU
		{D6BEF6A2-1AEF-4723-9CFA-6EC54F7B0089}.Debug|x86.ActiveCfg = Debug|Any CPU
		{D6BEF6A2-1AEF-4723-9CFA-6EC54F7B0089}.Debug|x86.Build.0 = Debug|Any CPU
		{D6BEF6A2-1AEF-4723-9CFA-6EC54F7B0089}.Release|Any CPU.ActiveCfg = Release|Any CPU
		{D6BEF6A2-1AEF-4723-9CFA-6EC54F7B0089}.Release|Any CPU.Build.0 = Release|Any CPU
		{D6BEF6A2-1AEF-4723-9CFA-6EC54F7B0089}.Release|x64.ActiveCfg = Release|Any CPU
		{D6BEF6A2-1AEF-4723-9CFA-6EC54F7B0089}.Release|x64.Build.0 = Release|Any CPU
		{D6BEF6A2-1AEF-4723-9CFA-6EC54F7B0089}.Release|x86.ActiveCfg = Release|Any CPU
		{D6BEF6A2-1AEF-4723-9CFA-6EC54F7B0089}.Release|x86.Build.0 = Release|Any CPU
		{0D697C91-806D-447B-89C2-D44FF88DF676}.Debug|Any CPU.ActiveCfg = Debug|Any CPU
		{0D697C91-806D-447B-89C2-D44FF88DF676}.Debug|Any CPU.Build.0 = Debug|Any CPU
		{0D697C91-806D-447B-89C2-D44FF88DF676}.Debug|x64.ActiveCfg = Debug|Any CPU
		{0D697C91-806D-447B-89C2-D44FF88DF676}.Debug|x64.Build.0 = Debug|Any CPU
		{0D697C91-806D-447B-89C2-D44FF88DF676}.Debug|x86.ActiveCfg = Debug|Any CPU
		{0D697C91-806D-447B-89C2-D44FF88DF676}.Debug|x86.Build.0 = Debug|Any CPU
		{0D697C91-806D-447B-89C2-D44FF88DF676}.Release|Any CPU.ActiveCfg = Release|Any CPU
		{0D697C91-806D-447B-89C2-D44FF88DF676}.Release|Any CPU.Build.0 = Release|Any CPU
		{0D697C91-806D-447B-89C2-D44FF88DF676}.Release|x64.ActiveCfg = Release|Any CPU
		{0D697C91-806D-447B-89C2-D44FF88DF676}.Release|x64.Build.0 = Release|Any CPU
		{0D697C91-806D-447B-89C2-D44FF88DF676}.Release|x86.ActiveCfg = Release|Any CPU
		{0D697C91-806D-447B-89C2-D44FF88DF676}.Release|x86.Build.0 = Release|Any CPU
	EndGlobalSection
EndGlobal
